PODS:
  - Capacitor (7.4.3):
    - CapacitorCordova
  - CapacitorApp (7.1.0):
    - Capacitor
  - CapacitorBrowser (7.0.2):
    - Capacitor
  - CapacitorCommunityKeepAwake (7.1.0):
    - Capacitor
  - CapacitorCommunityMedia (8.0.1):
    - Capacitor
    - SDWebImage
  - CapacitorCommunityNativeAudio (7.0.1):
    - Capacitor
  - CapacitorCordova (7.4.3)
  - CapacitorEmailComposer (7.0.2):
    - Capacitor
  - CapacitorFilesystem (7.1.4):
    - Capacitor
    - IONFilesystemLib (~> 1.0.1)
  - CapacitorFileTransfer (1.0.5):
    - Capacitor
    - IONFileTransferLib (~> 1.0.1)
  - CapacitorHaptics (7.0.2):
    - Capacitor
  - CapacitorKeyboard (7.0.3):
    - Capacitor
  - CapacitorNetwork (7.0.2):
    - Capacitor
  - CapacitorPreferences (7.0.2):
    - Capacitor
  - CapacitorPushNotifications (7.0.3):
    - Capacitor
  - CapacitorSplashScreen (7.0.3):
    - Capacitor
  - CapacitorStatusBar (7.0.3):
    - Capacitor
  - CapgoCapacitorNativeBiometric (0.0.1):
    - Capacitor
  - IONFilesystemLib (1.0.1)
  - IONFileTransferLib (1.0.1)
  - MiazCapacitorWebsocket (0.6.0):
    - Capacitor
    - Starscream (~> 4.0.0)
  - SDWebImage (5.21.2):
    - SDWebImage/Core (= 5.21.2)
  - SDWebImage/Core (5.21.2)
  - Starscream (4.0.8)

DEPENDENCIES:
  - "Capacitor (from `../../node_modules/@capacitor/ios`)"
  - "CapacitorApp (from `../../node_modules/@capacitor/app`)"
  - "CapacitorBrowser (from `../../node_modules/@capacitor/browser`)"
  - "CapacitorCommunityKeepAwake (from `../../node_modules/@capacitor-community/keep-awake`)"
  - "CapacitorCommunityMedia (from `../../node_modules/@capacitor-community/media`)"
  - "CapacitorCommunityNativeAudio (from `../../node_modules/@capacitor-community/native-audio`)"
  - "CapacitorCordova (from `../../node_modules/@capacitor/ios`)"
  - CapacitorEmailComposer (from `../../node_modules/capacitor-email-composer`)
  - "CapacitorFilesystem (from `../../node_modules/@capacitor/filesystem`)"
  - "CapacitorFileTransfer (from `../../node_modules/@capacitor/file-transfer`)"
  - "CapacitorHaptics (from `../../node_modules/@capacitor/haptics`)"
  - "CapacitorKeyboard (from `../../node_modules/@capacitor/keyboard`)"
  - "CapacitorNetwork (from `../../node_modules/@capacitor/network`)"
  - "CapacitorPreferences (from `../../node_modules/@capacitor/preferences`)"
  - "CapacitorPushNotifications (from `../../node_modules/@capacitor/push-notifications`)"
  - "CapacitorSplashScreen (from `../../node_modules/@capacitor/splash-screen`)"
  - "CapacitorStatusBar (from `../../node_modules/@capacitor/status-bar`)"
  - "CapgoCapacitorNativeBiometric (from `../../node_modules/@capgo/capacitor-native-biometric`)"
  - "MiazCapacitorWebsocket (from `../../node_modules/@miaz/capacitor-websocket`)"

SPEC REPOS:
  trunk:
    - IONFilesystemLib
    - IONFileTransferLib
    - SDWebImage
    - Starscream

EXTERNAL SOURCES:
  Capacitor:
    :path: "../../node_modules/@capacitor/ios"
  CapacitorApp:
    :path: "../../node_modules/@capacitor/app"
  CapacitorBrowser:
    :path: "../../node_modules/@capacitor/browser"
  CapacitorCommunityKeepAwake:
    :path: "../../node_modules/@capacitor-community/keep-awake"
  CapacitorCommunityMedia:
    :path: "../../node_modules/@capacitor-community/media"
  CapacitorCommunityNativeAudio:
    :path: "../../node_modules/@capacitor-community/native-audio"
  CapacitorCordova:
    :path: "../../node_modules/@capacitor/ios"
  CapacitorEmailComposer:
    :path: "../../node_modules/capacitor-email-composer"
  CapacitorFilesystem:
    :path: "../../node_modules/@capacitor/filesystem"
  CapacitorFileTransfer:
    :path: "../../node_modules/@capacitor/file-transfer"
  CapacitorHaptics:
    :path: "../../node_modules/@capacitor/haptics"
  CapacitorKeyboard:
    :path: "../../node_modules/@capacitor/keyboard"
  CapacitorNetwork:
    :path: "../../node_modules/@capacitor/network"
  CapacitorPreferences:
    :path: "../../node_modules/@capacitor/preferences"
  CapacitorPushNotifications:
    :path: "../../node_modules/@capacitor/push-notifications"
  CapacitorSplashScreen:
    :path: "../../node_modules/@capacitor/splash-screen"
  CapacitorStatusBar:
    :path: "../../node_modules/@capacitor/status-bar"
  CapgoCapacitorNativeBiometric:
    :path: "../../node_modules/@capgo/capacitor-native-biometric"
  MiazCapacitorWebsocket:
    :path: "../../node_modules/@miaz/capacitor-websocket"

SPEC CHECKSUMS:
  Capacitor: 28d6c01026a9a3f7156529498ec1f389a2a28dbc
  CapacitorApp: 26587c2ce485d88ddb39adb21cac64f8e481afe3
  CapacitorBrowser: 22541e48442de44dc629c214388290d6eecc6ae9
  CapacitorCommunityKeepAwake: 05c75aab989f60e621870cf03b24a144a5544c30
  CapacitorCommunityMedia: d1538b56a3303298e7cf45a18b11e624fbcbdc8e
  CapacitorCommunityNativeAudio: 035096f7f8830ccb6f49afe51a0e2b20da748f47
  CapacitorCordova: 435121e81a2df4d0034f0fb11fcefab5104cfdb5
  CapacitorEmailComposer: 47e488b85f3a4400e3b616fe56b5b9f65a4aa2f3
  CapacitorFilesystem: f9bd850c41e048180e5dc0cbb90f2033ede9d2cc
  CapacitorFileTransfer: 10ebf2c246d5e579d6c32aa995f0317154c13f66
  CapacitorHaptics: b3fb2869e72c4466e18ce9ccbeb60a3d8723b3d4
  CapacitorKeyboard: 62f36104f26d53d8b3a2a43f2a69fe714f1777d5
  CapacitorNetwork: 695069886b3c5ed514db69aa3d026b8dc3c03a6b
  CapacitorPreferences: 65107ed7437d96ee72583df5763985e3c0ff2bc2
  CapacitorPushNotifications: bdd621fbd562be34a41f4a7b1750efa000447d5a
  CapacitorSplashScreen: e388b8e0ed0e982a9d3a40417f478e7a018a8763
  CapacitorStatusBar: 0659ddc7b1713764a05831463d215b177a15d054
  CapgoCapacitorNativeBiometric: be4ceeff38739d9c0f59b8c41456a3b01cfeddf0
  IONFilesystemLib: 89258b8e3e85465da93127d25d7ce37f977e8a6f
  IONFileTransferLib: b268561ab0ba7f386eea228c4986b55ba0146ca9
  MiazCapacitorWebsocket: 732de4c7eb82bc12607a64a200b4b20b89c93f5d
  SDWebImage: 9f177d83116802728e122410fb25ad88f5c7608a
  Starscream: 19b5533ddb925208db698f0ac508a100b884a1b9

PODFILE CHECKSUM: 802346548e1105aeea5f644b0f9e0207078ee121

COCOAPODS: 1.16.2
